
Microsoft Visual Studio Solution File, Format Version 12.00
# Visual Studio Version 17
VisualStudioVersion = 17.0.31903.59
MinimumVisualStudioVersion = 10.0.40219.1
Project("{F2A71F9B-5D33-465A-A702-920D77279786}") = "monkey_interpriter_lib", "monkey_interpriter_lib\monkey_interpriter_lib.fsproj", "{A1A1F479-A532-4944-9BCF-DA560D183475}"
EndProject
Project("{F2A71F9B-5D33-465A-A702-920D77279786}") = "monkey_tests", "monkey_tests\monkey_tests.fsproj", "{5DABC697-5632-4E98-BE92-680B0C78E3AE}"
EndProject
Project("{F2A71F9B-5D33-465A-A702-920D77279786}") = "monkey_repel", "monkey_repel\monkey_repel.fsproj", "{F2E52751-8215-4F10-A095-9FE975BE2322}"
EndProject
Global
	GlobalSection(SolutionConfigurationPlatforms) = preSolution
		Debug|Any CPU = Debug|Any CPU
		Release|Any CPU = Release|Any CPU
	EndGlobalSection
	GlobalSection(SolutionProperties) = preSolution
		HideSolutionNode = FALSE
	EndGlobalSection
	GlobalSection(ProjectConfigurationPlatforms) = postSolution
		{A1A1F479-A532-4944-9BCF-DA560D183475}.Debug|Any CPU.ActiveCfg = Debug|Any CPU
		{A1A1F479-A532-4944-9BCF-DA560D183475}.Debug|Any CPU.Build.0 = Debug|Any CPU
		{A1A1F479-A532-4944-9BCF-DA560D183475}.Release|Any CPU.ActiveCfg = Release|Any CPU
		{A1A1F479-A532-4944-9BCF-DA560D183475}.Release|Any CPU.Build.0 = Release|Any CPU
		{5DABC697-5632-4E98-BE92-680B0C78E3AE}.Debug|Any CPU.ActiveCfg = Debug|Any CPU
		{5DABC697-5632-4E98-BE92-680B0C78E3AE}.Debug|Any CPU.Build.0 = Debug|Any CPU
		{5DABC697-5632-4E98-BE92-680B0C78E3AE}.Release|Any CPU.ActiveCfg = Release|Any CPU
		{5DABC697-5632-4E98-BE92-680B0C78E3AE}.Release|Any CPU.Build.0 = Release|Any CPU
		{F2E52751-8215-4F10-A095-9FE975BE2322}.Debug|Any CPU.ActiveCfg = Debug|Any CPU
		{F2E52751-8215-4F10-A095-9FE975BE2322}.Debug|Any CPU.Build.0 = Debug|Any CPU
		{F2E52751-8215-4F10-A095-9FE975BE2322}.Release|Any CPU.ActiveCfg = Release|Any CPU
		{F2E52751-8215-4F10-A095-9FE975BE2322}.Release|Any CPU.Build.0 = Release|Any CPU
	EndGlobalSection
EndGlobal
